
Microsoft Visual Studio Solution File, Format Version 12.00
# Visual Studio 15
VisualStudioVersion = 15.0.26730.16
MinimumVisualStudioVersion = 10.0.40219.1
Project("{FAE04EC0-301F-11D3-BF4B-00C04F79EFBC}") = "E3-Jaramillo Regino Hector Armando", "E3-Jaramillo Regino Hector Armando\E3-Jaramillo Regino Hector Armando.csproj", "{62C0D085-27E1-4946-BE24-0BB1E1E08DAE}"
EndProject
Global
	GlobalSection(SolutionConfigurationPlatforms) = preSolution
		Debug|Any CPU = Debug|Any CPU
		Release|Any CPU = Release|Any CPU
	EndGlobalSection
	GlobalSection(ProjectConfigurationPlatforms) = postSolution
		{62C0D085-27E1-4946-BE24-0BB1E1E08DAE}.Debug|Any CPU.ActiveCfg = Debug|Any CPU
		{62C0D085-27E1-4946-BE24-0BB1E1E08DAE}.Debug|Any CPU.Build.0 = Debug|Any CPU
		{62C0D085-27E1-4946-BE24-0BB1E1E08DAE}.Release|Any CPU.ActiveCfg = Release|Any CPU
		{62C0D085-27E1-4946-BE24-0BB1E1E08DAE}.Release|Any CPU.Build.0 = Release|Any CPU
	EndGlobalSection
	GlobalSection(SolutionProperties) = preSolution
		HideSolutionNode = FALSE
	EndGlobalSection
	GlobalSection(ExtensibilityGlobals) = postSolution
		SolutionGuid = {820D9A5E-D036-4183-B30F-BF6457767A53}
	EndGlobalSection
EndGlobal
